
Microsoft Visual Studio Solution File, Format Version 12.00
# Visual Studio Version 17
VisualStudioVersion = 17.11.35219.272
MinimumVisualStudioVersion = 10.0.40219.1
Project("{888888A0-9F3D-457C-B088-3A5042F75D52}") = "PythonApplication2-BETA", "PythonApplication2-BETA.pyproj", "{6A46820D-7FF2-431E-9209-F893F5624E3B}"
EndProject
Global
	GlobalSection(SolutionConfigurationPlatforms) = preSolution
		Debug|Any CPU = Debug|Any CPU
		Release|Any CPU = Release|Any CPU
	EndGlobalSection
	GlobalSection(ProjectConfigurationPlatforms) = postSolution
		{6A46820D-7FF2-431E-9209-F893F5624E3B}.Debug|Any CPU.ActiveCfg = Debug|Any CPU
		{6A46820D-7FF2-431E-9209-F893F5624E3B}.Release|Any CPU.ActiveCfg = Release|Any CPU
	EndGlobalSection
	GlobalSection(SolutionProperties) = preSolution
		HideSolutionNode = FALSE
	EndGlobalSection
	GlobalSection(ExtensibilityGlobals) = postSolution
		SolutionGuid = {699FBB30-F854-4006-88E2-45D2F0AD970A}
	EndGlobalSection
EndGlobal
